
Microsoft Visual Studio Solution File, Format Version 12.00
# Visual Studio Version 17
VisualStudioVersion = 17.0.32112.339
MinimumVisualStudioVersion = 10.0.40219.1
Project("{FAE04EC0-301F-11D3-BF4B-00C04F79EFBC}") = "WindowsFormsApp18", "WindowsFormsApp18.csproj", "{35586431-B282-45E7-9A07-855D950ED3F2}"
EndProject
Global
	GlobalSection(SolutionConfigurationPlatforms) = preSolution
		Debug|Any CPU = Debug|Any CPU
		Release|Any CPU = Release|Any CPU
	EndGlobalSection
	GlobalSection(ProjectConfigurationPlatforms) = postSolution
		{35586431-B282-45E7-9A07-855D950ED3F2}.Debug|Any CPU.ActiveCfg = Debug|Any CPU
		{35586431-B282-45E7-9A07-855D950ED3F2}.Debug|Any CPU.Build.0 = Debug|Any CPU
		{35586431-B282-45E7-9A07-855D950ED3F2}.Release|Any CPU.ActiveCfg = Release|Any CPU
		{35586431-B282-45E7-9A07-855D950ED3F2}.Release|Any CPU.Build.0 = Release|Any CPU
	EndGlobalSection
	GlobalSection(SolutionProperties) = preSolution
		HideSolutionNode = FALSE
	EndGlobalSection
	GlobalSection(ExtensibilityGlobals) = postSolution
		SolutionGuid = {36C0ED5F-23FA-4B87-90A8-91A0A5785FD7}
	EndGlobalSection
EndGlobal
